
Microsoft Visual Studio Solution File, Format Version 12.00
# Visual Studio 15
VisualStudioVersion = 15.0.28010.2041
MinimumVisualStudioVersion = 10.0.40219.1
Project("{FAE04EC0-301F-11D3-BF4B-00C04F79EFBC}") = "CityInfoAPI", "CityInfoAPI\CityInfoAPI.csproj", "{DB258DA8-25B1-4814-9EF6-FC45F7861EBC}"
EndProject
Global
	GlobalSection(SolutionConfigurationPlatforms) = preSolution
		Debug|Any CPU = Debug|Any CPU
		Release|Any CPU = Release|Any CPU
	EndGlobalSection
	GlobalSection(ProjectConfigurationPlatforms) = postSolution
		{DB258DA8-25B1-4814-9EF6-FC45F7861EBC}.Debug|Any CPU.ActiveCfg = Debug|Any CPU
		{DB258DA8-25B1-4814-9EF6-FC45F7861EBC}.Debug|Any CPU.Build.0 = Debug|Any CPU
		{DB258DA8-25B1-4814-9EF6-FC45F7861EBC}.Release|Any CPU.ActiveCfg = Release|Any CPU
		{DB258DA8-25B1-4814-9EF6-FC45F7861EBC}.Release|Any CPU.Build.0 = Release|Any CPU
	EndGlobalSection
	GlobalSection(SolutionProperties) = preSolution
		HideSolutionNode = FALSE
	EndGlobalSection
	GlobalSection(ExtensibilityGlobals) = postSolution
		SolutionGuid = {F5BBCFD2-CA8B-4861-B9FB-6C21F3F1DF44}
	EndGlobalSection
EndGlobal
